// !$*UTF8*$!
{
	archiveVersion = 1;
	classes = {
	};
	objectVersion = 50;
	objects = {

/* Begin PBXBuildFile section */
		8D09AF4322BBD6240029AEB9 /* AppDelegate.swift in Sources */ = {isa = PBXBuildFile; fileRef = 8D09AF4222BBD6240029AEB9 /* AppDelegate.swift */; };
		8D09AF4822BBD6240029AEB9 /* Main.storyboard in Resources */ = {isa = PBXBuildFile; fileRef = 8D09AF4622BBD6240029AEB9 /* Main.storyboard */; };
		8D09AF4A22BBD6250029AEB9 /* Assets.xcassets in Resources */ = {isa = PBXBuildFile; fileRef = 8D09AF4922BBD6250029AEB9 /* Assets.xcassets */; };
		8D09AF4D22BBD6250029AEB9 /* LaunchScreen.storyboard in Resources */ = {isa = PBXBuildFile; fileRef = 8D09AF4B22BBD6250029AEB9 /* LaunchScreen.storyboard */; };
		8D09AF5522BBD7CC0029AEB9 /* TableViewController.swift in Sources */ = {isa = PBXBuildFile; fileRef = 8D09AF5422BBD7CC0029AEB9 /* TableViewController.swift */; };
		8D09AF5722BCB3D70029AEB9 /* AnimalData.swift in Sources */ = {isa = PBXBuildFile; fileRef = 8D09AF5622BCB3D70029AEB9 /* AnimalData.swift */; };
		8D09AF5922BDB05B0029AEB9 /* GetAge.swift in Sources */ = {isa = PBXBuildFile; fileRef = 8D09AF5822BDB05B0029AEB9 /* GetAge.swift */; };
		8D09AF5B22BDF05F0029AEB9 /* File.swift in Sources */ = {isa = PBXBuildFile; fileRef = 8D09AF5A22BDF05F0029AEB9 /* File.swift */; };
/* End PBXBuildFile section */

/* Begin PBXFileReference section */
		8D09AF3F22BBD6240029AEB9 /* animalRecordApp.app */ = {isa = PBXFileReference; explicitFileType = wrapper.application; includeInIndex = 0; path = animalRecordApp.app; sourceTree = BUILT_PRODUCTS_DIR; };
		8D09AF4222BBD6240029AEB9 /* AppDelegate.swift */ = {isa = PBXFileReference; lastKnownFileType = sourcecode.swift; path = AppDelegate.swift; sourceTree = "<group>"; };
		8D09AF4722BBD6240029AEB9 /* Base */ = {isa = PBXFileReference; lastKnownFileType = file.storyboard; name = Base; path = Base.lproj/Main.storyboard; sourceTree = "<group>"; };
		8D09AF4922BBD6250029AEB9 /* Assets.xcassets */ = {isa = PBXFileReference; lastKnownFileType = folder.assetcatalog; path = Assets.xcassets; sourceTree = "<group>"; };
		8D09AF4C22BBD6250029AEB9 /* Base */ = {isa = PBXFileReference; lastKnownFileType = file.storyboard; name = Base; path = Base.lproj/LaunchScreen.storyboard; sourceTree = "<group>"; };
		8D09AF4E22BBD6250029AEB9 /* Info.plist */ = {isa = PBXFileReference; lastKnownFileType = text.plist.xml; path = Info.plist; sourceTree = "<group>"; };
		8D09AF5422BBD7CC0029AEB9 /* TableViewController.swift */ = {isa = PBXFileReference; lastKnownFileType = sourcecode.swift; path = TableViewController.swift; sourceTree = "<group>"; };
		8D09AF5622BCB3D70029AEB9 /* AnimalData.swift */ = {isa = PBXFileReference; lastKnownFileType = sourcecode.swift; path = AnimalData.swift; sourceTree = "<group>"; };
		8D09AF5822BDB05B0029AEB9 /* GetAge.swift */ = {isa = PBXFileReference; lastKnownFileType = sourcecode.swift; path = GetAge.swift; sourceTree = "<group>"; };
		8D09AF5A22BDF05F0029AEB9 /* File.swift */ = {isa = PBXFileReference; lastKnownFileType = sourcecode.swift; path = File.swift; sourceTree = "<group>"; };
/* End PBXFileReference section */

/* Begin PBXFrameworksBuildPhase section */
		8D09AF3C22BBD6240029AEB9 /* Frameworks */ = {
			isa = PBXFrameworksBuildPhase;
			buildActionMask = 2147483647;
			files = (
			);
			runOnlyForDeploymentPostprocessing = 0;
		};
/* End PBXFrameworksBuildPhase section */

/* Begin PBXGroup section */
		8D09AF3622BBD6240029AEB9 = {
			isa = PBXGroup;
			children = (
				8D09AF5A22BDF05F0029AEB9 /* File.swift */,
				8D09AF4122BBD6240029AEB9 /* animalRecordApp */,
				8D09AF4022BBD6240029AEB9 /* Products */,
			);
			sourceTree = "<group>";
		};
		8D09AF4022BBD6240029AEB9 /* Products */ = {
			isa = PBXGroup;
			children = (
				8D09AF3F22BBD6240029AEB9 /* animalRecordApp.app */,
			);
			name = Products;
			sourceTree = "<group>";
		};
		8D09AF4122BBD6240029AEB9 /* animalRecordApp */ = {
			isa = PBXGroup;
			children = (
				8D09AF4222BBD6240029AEB9 /* AppDelegate.swift */,
				8D09AF4622BBD6240029AEB9 /* Main.storyboard */,
				8D09AF4922BBD6250029AEB9 /* Assets.xcassets */,
				8D09AF4B22BBD6250029AEB9 /* LaunchScreen.storyboard */,
				8D09AF5622BCB3D70029AEB9 /* AnimalData.swift */,
				8D09AF4E22BBD6250029AEB9 /* Info.plist */,
				8D09AF5422BBD7CC0029AEB9 /* TableViewController.swift */,
				8D09AF5822BDB05B0029AEB9 /* GetAge.swift */,
			);
			path = animalRecordApp;
			sourceTree = "<group>";
		};
/* End PBXGroup section */

/* Begin PBXNativeTarget section */
		8D09AF3E22BBD6240029AEB9 /* animalRecordApp */ = {
			isa = PBXNativeTarget;
			buildConfigurationList = 8D09AF5122BBD6250029AEB9 /* Build configuration list for PBXNativeTarget "animalRecordApp" */;
			buildPhases = (
				8D09AF3B22BBD6240029AEB9 /* Sources */,
				8D09AF3C22BBD6240029AEB9 /* Frameworks */,
				8D09AF3D22BBD6240029AEB9 /* Resources */,
			);
			buildRules = (
			);
			dependencies = (
			);
			name = animalRecordApp;
			productName = animalRecordApp;
			productReference = 8D09AF3F22BBD6240029AEB9 /* animalRecordApp.app */;
			productType = "com.apple.product-type.application";
		};
/* End PBXNativeTarget section */

/* Begin PBXProject section */
		8D09AF3722BBD6240029AEB9 /* Project object */ = {
			isa = PBXProject;
			attributes = {
				LastSwiftUpdateCheck = 1020;
				LastUpgradeCheck = 1020;
				ORGANIZATIONNAME = "佐藤結";
				TargetAttributes = {
					8D09AF3E22BBD6240029AEB9 = {
						CreatedOnToolsVersion = 10.2.1;
					};
				};
			};
			buildConfigurationList = 8D09AF3A22BBD6240029AEB9 /* Build configuration list for PBXProject "animalRecordApp" */;
			compatibilityVersion = "Xcode 9.3";
			developmentRegion = en;
			hasScannedForEncodings = 0;
			knownRegions = (
				en,
				Base,
			);
			mainGroup = 8D09AF3622BBD6240029AEB9;
			productRefGroup = 8D09AF4022BBD6240029AEB9 /* Products */;
			projectDirPath = "";
			projectRoot = "";
			targets = (
				8D09AF3E22BBD6240029AEB9 /* animalRecordApp */,
			);
		};
/* End PBXProject section */

/* Begin PBXResourcesBuildPhase section */
		8D09AF3D22BBD6240029AEB9 /* Resources */ = {
			isa = PBXResourcesBuildPhase;
			buildActionMask = 2147483647;
			files = (
				8D09AF4D22BBD6250029AEB9 /* LaunchScreen.storyboard in Resources */,
				8D09AF4A22BBD6250029AEB9 /* Assets.xcassets in Resources */,
				8D09AF4822BBD6240029AEB9 /* Main.storyboard in Resources */,
			);
			runOnlyForDeploymentPostprocessing = 0;
		};
/* End PBXResourcesBuildPhase section */

/* Begin PBXSourcesBuildPhase section */
		8D09AF3B22BBD6240029AEB9 /* Sources */ = {
			isa = PBXSourcesBuildPhase;
			buildActionMask = 2147483647;
			files = (
				8D09AF5B22BDF05F0029AEB9 /* File.swift in Sources */,
				8D09AF5922BDB05B0029AEB9 /* GetAge.swift in Sources */,
				8D09AF4322BBD6240029AEB9 /* AppDelegate.swift in Sources */,
				8D09AF5722BCB3D70029AEB9 /* AnimalData.swift in Sources */,
				8D09AF5522BBD7CC0029AEB9 /* TableViewController.swift in Sources */,
			);
			runOnlyForDeploymentPostprocessing = 0;
		};
/* End PBXSourcesBuildPhase section */

/* Begin PBXVariantGroup section */
		8D09AF4622BBD6240029AEB9 /* Main.storyboard */ = {
			isa = PBXVariantGroup;
			children = (
				8D09AF4722BBD6240029AEB9 /* Base */,
			);
			name = Main.storyboard;
			sourceTree = "<group>";
		};
		8D09AF4B22BBD6250029AEB9 /* LaunchScreen.storyboard */ = {
			isa = PBXVariantGroup;
			children = (
				8D09AF4C22BBD6250029AEB9 /* Base */,
			);
			name = LaunchScreen.storyboard;
			sourceTree = "<group>";
		};
/* End PBXVariantGroup section */

/* Begin XCBuildConfiguration section */
		8D09AF4F22BBD6250029AEB9 /* Debug */ = {
			isa = XCBuildConfiguration;
			buildSettings = {
				ALWAYS_SEARCH_USER_PATHS = NO;
				CLANG_ANALYZER_NONNULL = YES;
				CLANG_ANALYZER_NUMBER_OBJECT_CONVERSION = YES_AGGRESSIVE;
				CLANG_CXX_LANGUAGE_STANDARD = "gnu++14";
				CLANG_CXX_LIBRARY = "libc++";
				CLANG_ENABLE_MODULES = YES;
				CLANG_ENABLE_OBJC_ARC = YES;
				CLANG_ENABLE_OBJC_WEAK = YES;
				CLANG_WARN_BLOCK_CAPTURE_AUTORELEASING = YES;
				CLANG_WARN_BOOL_CONVERSION = YES;
				CLANG_WARN_COMMA = YES;
				CLANG_WARN_CONSTANT_CONVERSION = YES;
				CLANG_WARN_DEPRECATED_OBJC_IMPLEMENTATIONS = YES;
				CLANG_WARN_DIRECT_OBJC_ISA_USAGE = YES_ERROR;
				CLANG_WARN_DOCUMENTATION_COMMENTS = YES;
				CLANG_WARN_EMPTY_BODY = YES;
				CLANG_WARN_ENUM_CONVERSION = YES;
				CLANG_WARN_INFINITE_RECURSION = YES;
				CLANG_WARN_INT_CONVERSION = YES;
				CLANG_WARN_NON_LITERAL_NULL_CONVERSION = YES;
				CLANG_WARN_OBJC_IMPLICIT_RETAIN_SELF = YES;
				CLANG_WARN_OBJC_LITERAL_CONVERSION = YES;
				CLANG_WARN_OBJC_ROOT_CLASS = YES_ERROR;
				CLANG_WARN_RANGE_LOOP_ANALYSIS = YES;
				CLANG_WARN_STRICT_PROTOTYPES = YES;
				CLANG_WARN_SUSPICIOUS_MOVE = YES;
				CLANG_WARN_UNGUARDED_AVAILABILITY = YES_AGGRESSIVE;
				CLANG_WARN_UNREACHABLE_CODE = YES;
				CLANG_WARN__DUPLICATE_METHOD_MATCH = YES;
				CODE_SIGN_IDENTITY = "iPhone Developer";
				COPY_PHASE_STRIP = NO;
				DEBUG_INFORMATION_FORMAT = dwarf;
				ENABLE_STRICT_OBJC_MSGSEND = YES;
				ENABLE_TESTABILITY = YES;
				GCC_C_LANGUAGE_STANDARD = gnu11;
				GCC_DYNAMIC_NO_PIC = NO;
				GCC_NO_COMMON_BLOCKS = YES;
				GCC_OPTIMIZATION_LEVEL = 0;
				GCC_PREPROCESSOR_DEFINITIONS = (
					"DEBUG=1",
					"$(inherited)",
				);
				GCC_WARN_64_TO_32_BIT_CONVERSION = YES;
				GCC_WARN_ABOUT_RETURN_TYPE = YES_ERROR;
				GCC_WARN_UNDECLARED_SELECTOR = YES;
				GCC_WARN_UNINITIALIZED_AUTOS = YES_AGGRESSIVE;
				GCC_WARN_UNUSED_FUNCTION = YES;
				GCC_WARN_UNUSED_VARIABLE = YES;
				IPHONEOS_DEPLOYMENT_TARGET = 12.2;
				MTL_ENABLE_DEBUG_INFO = INCLUDE_SOURCE;
				MTL_FAST_MATH = YES;
				ONLY_ACTIVE_ARCH = YES;
				SDKROOT = iphoneos;
				SWIFT_ACTIVE_COMPILATION_CONDITIONS = DEBUG;
				SWIFT_OPTIMIZATION_LEVEL = "-Onone";
			};
			name = Debug;
		};
		8D09AF5022BBD6250029AEB9 /* Release */ = {
			isa = XCBuildConfiguration;
			buildSettings = {
				ALWAYS_SEARCH_USER_PATHS = NO;
				CLANG_ANALYZER_NONNULL = YES;
				CLANG_ANALYZER_NUMBER_OBJECT_CONVERSION = YES_AGGRESSIVE;
				CLANG_CXX_LANGUAGE_STANDARD = "gnu++14";
				CLANG_CXX_LIBRARY = "libc++";
				CLANG_ENABLE_MODULES = YES;
				CLANG_ENABLE_OBJC_ARC = YES;
				CLANG_ENABLE_OBJC_WEAK = YES;
				CLANG_WARN_BLOCK_CAPTURE_AUTORELEASING = YES;
				CLANG_WARN_BOOL_CONVERSION = YES;
				CLANG_WARN_COMMA = YES;
				CLANG_WARN_CONSTANT_CONVERSION = YES;
				CLANG_WARN_DEPRECATED_OBJC_IMPLEMENTATIONS = YES;
				CLANG_WARN_DIRECT_OBJC_ISA_USAGE = YES_ERROR;
				CLANG_WARN_DOCUMENTATION_COMMENTS = YES;
				CLANG_WARN_EMPTY_BODY = YES;
				CLANG_WARN_ENUM_CONVERSION = YES;
				CLANG_WARN_INFINITE_RECURSION = YES;
				CLANG_WARN_INT_CONVERSION = YES;
				CLANG_WARN_NON_LITERAL_NULL_CONVERSION = YES;
				CLANG_WARN_OBJC_IMPLICIT_RETAIN_SELF = YES;
				CLANG_WARN_OBJC_LITERAL_CONVERSION = YES;
				CLANG_WARN_OBJC_ROOT_CLASS = YES_ERROR;
				CLANG_WARN_RANGE_LOOP_ANALYSIS = YES;
				CLANG_WARN_STRICT_PROTOTYPES = YES;
				CLANG_WARN_SUSPICIOUS_MOVE = YES;
				CLANG_WARN_UNGUARDED_AVAILABILITY = YES_AGGRESSIVE;
				CLANG_WARN_UNREACHABLE_CODE = YES;
				CLANG_WARN__DUPLICATE_METHOD_MATCH = YES;
				CODE_SIGN_IDENTITY = "iPhone Developer";
				COPY_PHASE_STRIP = NO;
				DEBUG_INFORMATION_FORMAT = "dwarf-with-dsym";
				ENABLE_NS_ASSERTIONS = NO;
				ENABLE_STRICT_OBJC_MSGSEND = YES;
				GCC_C_LANGUAGE_STANDARD = gnu11;
				GCC_NO_COMMON_BLOCKS = YES;
				GCC_WARN_64_TO_32_BIT_CONVERSION = YES;
				GCC_WARN_ABOUT_RETURN_TYPE = YES_ERROR;
				GCC_WARN_UNDECLARED_SELECTOR = YES;
				GCC_WARN_UNINITIALIZED_AUTOS = YES_AGGRESSIVE;
				GCC_WARN_UNUSED_FUNCTION = YES;
				GCC_WARN_UNUSED_VARIABLE = YES;
				IPHONEOS_DEPLOYMENT_TARGET = 12.2;
				MTL_ENABLE_DEBUG_INFO = NO;
				MTL_FAST_MATH = YES;
				SDKROOT = iphoneos;
				SWIFT_COMPILATION_MODE = wholemodule;
				SWIFT_OPTIMIZATION_LEVEL = "-O";
				VALIDATE_PRODUCT = YES;
			};
			name = Release;
		};
		8D09AF5222BBD6250029AEB9 /* Debug */ = {
			isa = XCBuildConfiguration;
			buildSettings = {
				ASSETCATALOG_COMPILER_APPICON_NAME = AppIcon;
				CODE_SIGN_STYLE = Automatic;
				INFOPLIST_FILE = animalRecordApp/Info.plist;
				LD_RUNPATH_SEARCH_PATHS = (
					"$(inherited)",
					"@executable_path/Frameworks",
				);
				PRODUCT_BUNDLE_IDENTIFIER = "com.yuu-sato.animalRecordApp";
				PRODUCT_NAME = "$(TARGET_NAME)";
				SWIFT_VERSION = 5.0;
				TARGETED_DEVICE_FAMILY = "1,2";
			};
			name = Debug;
		};
		8D09AF5322BBD6250029AEB9 /* Release */ = {
			isa = XCBuildConfiguration;
			buildSettings = {
				ASSETCATALOG_COMPILER_APPICON_NAME = AppIcon;
				CODE_SIGN_STYLE = Automatic;
				INFOPLIST_FILE = animalRecordApp/Info.plist;
				LD_RUNPATH_SEARCH_PATHS = (
					"$(inherited)",
					"@executable_path/Frameworks",
				);
				PRODUCT_BUNDLE_IDENTIFIER = "com.yuu-sato.animalRecordApp";
				PRODUCT_NAME = "$(TARGET_NAME)";
				SWIFT_VERSION = 5.0;
				TARGETED_DEVICE_FAMILY = "1,2";
			};
			name = Release;
		};
/* End XCBuildConfiguration section */

/* Begin XCConfigurationList section */
		8D09AF3A22BBD6240029AEB9 /* Build configuration list for PBXProject "animalRecordApp" */ = {
			isa = XCConfigurationList;
			buildConfigurations = (
				8D09AF4F22BBD6250029AEB9 /* Debug */,
				8D09AF5022BBD6250029AEB9 /* Release */,
			);
			defaultConfigurationIsVisible = 0;
			defaultConfigurationName = Release;
		};
		8D09AF5122BBD6250029AEB9 /* Build configuration list for PBXNativeTarget "animalRecordApp" */ = {
			isa = XCConfigurationList;
			buildConfigurations = (
				8D09AF5222BBD6250029AEB9 /* Debug */,
				8D09AF5322BBD6250029AEB9 /* Release */,
			);
			defaultConfigurationIsVisible = 0;
			defaultConfigurationName = Release;
		};
/* End XCConfigurationList section */
	};
	rootObject = 8D09AF3722BBD6240029AEB9 /* Project object */;
}
